
Microsoft Visual Studio Solution File, Format Version 11.00
# Visual Studio 2010
Project("{FAE04EC0-301F-11D3-BF4B-00C04F79EFBC}") = "unity3ddad8ee526fce2437ebe2ccde86d10b56", "Assembly-CSharp.csproj", "{3907880D-2017-92FE-8A5F-6544268F7168}"
EndProject
Global
	GlobalSection(SolutionConfigurationPlatforms) = preSolution
		Debug|Any CPU = Debug|Any CPU
		Release|Any CPU = Release|Any CPU
	EndGlobalSection
	GlobalSection(ProjectConfigurationPlatforms) = postSolution
		{3907880D-2017-92FE-8A5F-6544268F7168}.Debug|Any CPU.ActiveCfg = Debug|Any CPU
		{3907880D-2017-92FE-8A5F-6544268F7168}.Debug|Any CPU.Build.0 = Debug|Any CPU
		{3907880D-2017-92FE-8A5F-6544268F7168}.Release|Any CPU.ActiveCfg = Release|Any CPU
		{3907880D-2017-92FE-8A5F-6544268F7168}.Release|Any CPU.Build.0 = Release|Any CPU
	EndGlobalSection
	GlobalSection(SolutionProperties) = preSolution
		HideSolutionNode = FALSE
	EndGlobalSection
	GlobalSection(MonoDevelopProperties) = preSolution
		StartupItem = Assembly-CSharp.csproj
	EndGlobalSection
EndGlobal
